{
  "name": "grunt-contrib-icon2css",
  "version": "0.0.1",
  "lockfileVersion": 3,
  "requires": true,
  "packages": {
    "": {
      "name": "grunt-contrib-icon2css",
      "version": "0.0.1",
      "license": "MIT",
      "dependencies": {
        "PrettyCSS": "^0.3.19"
      }
    },
    "node_modules/option-parser": {
      "version": "1.0.2",
      "resolved": "https://registry.npmjs.org/option-parser/-/option-parser-1.0.2.tgz",
      "integrity": "sha512-Q56FmRi6TZX+S9jAl9f0Tnrk7W8faAZULf6Y0IgJR6Cy7/MxhzvBFoyL1Sz2DD7WbOY2Fxtkz2S/3kzlbn/VsQ=="
    },
    "node_modules/PrettyCSS": {
      "version": "0.3.19",
      "resolved": "https://registry.npmjs.org/PrettyCSS/-/PrettyCSS-0.3.19.tgz",
      "integrity": "sha512-LcHWEnyu/flM+KGgbgd+FAp/2mKlo9JerZL2i5ZioJPqp5JKK1QaprEyD2/aCMQRAVgie4xjNrfOD9XclrGV8w==",
      "dependencies": {
        "option-parser": "~1.0.0"
      },
      "bin": {
        "prettycss": "bin/prettycss"
      },
      "engines": {
        "node": ">=0.6",
        "npm": ">=1"
      }
    }
  }
}
